Microsoft Visual Studio Solution File, Format Version 12.00
# Visual Studio Version 17
VisualStudioVersion = 17.5.2.0
MinimumVisualStudioVersion = 10.0.40219.1
Project("{FAE04EC0-301F-11D3-BF4B-00C04F79EFBC}") = "7dtd-mod-loadorder-manager", "7dtd-mod-loadorder-manager.csproj", "{FC1F38E3-B9DB-6A40-0409-2C406C939D01}"
EndProject
Global
	GlobalSection(SolutionConfigurationPlatforms) = preSolution
		Debug|Any CPU = Debug|Any CPU
		Release|Any CPU = Release|Any CPU
	EndGlobalSection
	GlobalSection(ProjectConfigurationPlatforms) = postSolution
		{FC1F38E3-B9DB-6A40-0409-2C406C939D01}.Debug|Any CPU.ActiveCfg = Debug|Any CPU
		{FC1F38E3-B9DB-6A40-0409-2C406C939D01}.Debug|Any CPU.Build.0 = Debug|Any CPU
		{FC1F38E3-B9DB-6A40-0409-2C406C939D01}.Release|Any CPU.ActiveCfg = Release|Any CPU
		{FC1F38E3-B9DB-6A40-0409-2C406C939D01}.Release|Any CPU.Build.0 = Release|Any CPU
	EndGlobalSection
	GlobalSection(SolutionProperties) = preSolution
		HideSolutionNode = FALSE
	EndGlobalSection
	GlobalSection(ExtensibilityGlobals) = postSolution
		SolutionGuid = {2D918B84-CF68-45FC-9C12-C489169C907C}
	EndGlobalSection
EndGlobal
